
Microsoft Visual Studio Solution File, Format Version 10.00
# Visual Studio 2008
Project("{8BC9CEB8-8B4A-11D0-8D11-00A0C91BC942}") = "Tech Demo", "Tech Demo.vcproj", "{ED13A31C-4358-40D0-8476-1689A4255D1A}"
EndProject
Global
	GlobalSection(SolutionConfigurationPlatforms) = preSolution
		Debug|Win32 = Debug|Win32
		Release|Win32 = Release|Win32
	EndGlobalSection
	GlobalSection(ProjectConfigurationPlatforms) = postSolution
		{ED13A31C-4358-40D0-8476-1689A4255D1A}.Debug|Win32.ActiveCfg = Debug|Win32
		{ED13A31C-4358-40D0-8476-1689A4255D1A}.Debug|Win32.Build.0 = Debug|Win32
		{ED13A31C-4358-40D0-8476-1689A4255D1A}.Release|Win32.ActiveCfg = Release|Win32
		{ED13A31C-4358-40D0-8476-1689A4255D1A}.Release|Win32.Build.0 = Release|Win32
	EndGlobalSection
	GlobalSection(SolutionProperties) = preSolution
		HideSolutionNode = FALSE
	EndGlobalSection
EndGlobal
