<?xml version="1.0" encoding="utf-8"?>
<Project ToolsVersion="4.0" xmlns="http://schemas.microsoft.com/developer/msbuild/2003">
  <ItemGroup>
    <Filter Include="Source Files">
      <UniqueIdentifier>{4FC737F1-C7A5-4376-A066-2A32D752A2FF}</UniqueIdentifier>
      <Extensions>cpp;c;cc;cxx;def;odl;idl;hpj;bat;asm;asmx</Extensions>
    </Filter>
    <Filter Include="Header Files">
      <UniqueIdentifier>{93995380-89BD-4b04-88EB-625FBE52EBFB}</UniqueIdentifier>
      <Extensions>h;hh;hpp;hxx;hm;inl;inc;xsd</Extensions>
    </Filter>
    <Filter Include="Resource Files">
      <UniqueIdentifier>{67DA6AB6-F800-4c08-8B7A-83BB121AAD01}</UniqueIdentifier>
      <Extensions>rc;ico;cur;bmp;dlg;rc2;rct;bin;rgs;gif;jpg;jpeg;jpe;resx;tiff;tif;png;wav;mfcribbon-ms</Extensions>
    </Filter>
    <Filter Include="Header Files\OpenAL">
      <UniqueIdentifier>{c47f4cb4-7c66-4a16-b3bd-2275b7652ead}</UniqueIdentifier>
    </Filter>
    <Filter Include="Header Files\OpenAL\Background">
      <UniqueIdentifier>{5b41e571-1730-4155-b4bb-e17c5a255793}</UniqueIdentifier>
    </Filter>
    <Filter Include="Header Files\OpenAL\Background\Vorbis">
      <UniqueIdentifier>{0a33d2d3-b9b1-4690-a828-24f7fa6ddca2}</UniqueIdentifier>
    </Filter>
    <Filter Include="Header Files\OpenAL\Background\Ogg">
      <UniqueIdentifier>{a0988a44-2faf-408f-b509-1a2fd0a48f1a}</UniqueIdentifier>
    </Filter>
    <Filter Include="Header Files\OpenAL\SimpleAudioLib">
      <UniqueIdentifier>{c0f4176e-05ed-492e-9006-3e1b672aafd6}</UniqueIdentifier>
    </Filter>
  </ItemGroup>
  <ItemGroup>
    <ClCompile Include="OpenAL_WrapperTest.cpp">
      <Filter>Source Files</Filter>
    </ClCompile>
    <ClCompile Include="OpenAL\aldlist.cpp">
      <Filter>Header Files\OpenAL\Background</Filter>
    </ClCompile>
    <ClCompile Include="OpenAL\CWaves.cpp">
      <Filter>Header Files\OpenAL\Background</Filter>
    </ClCompile>
    <ClCompile Include="OpenAL\Framework.cpp">
      <Filter>Header Files\OpenAL\Background</Filter>
    </ClCompile>
    <ClCompile Include="OpenAL\LoadOAL.cpp">
      <Filter>Header Files\OpenAL\Background</Filter>
    </ClCompile>
    <ClCompile Include="OpenAL\SimpleAudioLib\AudioEntity.cpp">
      <Filter>Header Files\OpenAL\SimpleAudioLib</Filter>
    </ClCompile>
    <ClCompile Include="OpenAL\SimpleAudioLib\BaseMessageException.cpp">
      <Filter>Header Files\OpenAL\SimpleAudioLib</Filter>
    </ClCompile>
    <ClCompile Include="OpenAL\SimpleAudioLib\CoreSystem.cpp">
      <Filter>Header Files\OpenAL\SimpleAudioLib</Filter>
    </ClCompile>
  </ItemGroup>
  <ItemGroup>
    <ClInclude Include="SoundWrapper.h">
      <Filter>Header Files\OpenAL</Filter>
    </ClInclude>
    <ClInclude Include="OpenAL\al.h">
      <Filter>Header Files\OpenAL\Background</Filter>
    </ClInclude>
    <ClInclude Include="OpenAL\alc.h">
      <Filter>Header Files\OpenAL\Background</Filter>
    </ClInclude>
    <ClInclude Include="OpenAL\aldlist.h">
      <Filter>Header Files\OpenAL\Background</Filter>
    </ClInclude>
    <ClInclude Include="OpenAL\CWaves.h">
      <Filter>Header Files\OpenAL\Background</Filter>
    </ClInclude>
    <ClInclude Include="OpenAL\efx.h">
      <Filter>Header Files\OpenAL\Background</Filter>
    </ClInclude>
    <ClInclude Include="OpenAL\efx-creative.h">
      <Filter>Header Files\OpenAL\Background</Filter>
    </ClInclude>
    <ClInclude Include="OpenAL\EFX-Util.h">
      <Filter>Header Files\OpenAL\Background</Filter>
    </ClInclude>
    <ClInclude Include="OpenAL\Framework.h">
      <Filter>Header Files\OpenAL\Background</Filter>
    </ClInclude>
    <ClInclude Include="OpenAL\LoadOAL.h">
      <Filter>Header Files\OpenAL\Background</Filter>
    </ClInclude>
    <ClInclude Include="OpenAL\xram.h">
      <Filter>Header Files\OpenAL\Background</Filter>
    </ClInclude>
    <ClInclude Include="OpenAL\Ogg\ogg.h">
      <Filter>Header Files\OpenAL\Background\Ogg</Filter>
    </ClInclude>
    <ClInclude Include="OpenAL\Ogg\os_types.h">
      <Filter>Header Files\OpenAL\Background\Ogg</Filter>
    </ClInclude>
    <ClInclude Include="OpenAL\Vorbis\codec.h">
      <Filter>Header Files\OpenAL\Background\Vorbis</Filter>
    </ClInclude>
    <ClInclude Include="OpenAL\Vorbis\vorbisfile.h">
      <Filter>Header Files\OpenAL\Background\Vorbis</Filter>
    </ClInclude>
    <ClInclude Include="OpenAL\SimpleAudioLib\AudioEntity.h">
      <Filter>Header Files\OpenAL\SimpleAudioLib</Filter>
    </ClInclude>
    <ClInclude Include="OpenAL\SimpleAudioLib\BaseMessageException.h">
      <Filter>Header Files\OpenAL\SimpleAudioLib</Filter>
    </ClInclude>
    <ClInclude Include="OpenAL\SimpleAudioLib\CoreSystem.h">
      <Filter>Header Files\OpenAL\SimpleAudioLib</Filter>
    </ClInclude>
    <ClInclude Include="OpenAL\SimpleAudioLib\CorruptedFileException.h">
      <Filter>Header Files\OpenAL\SimpleAudioLib</Filter>
    </ClInclude>
    <ClInclude Include="OpenAL\SimpleAudioLib\InvalidPathException.h">
      <Filter>Header Files\OpenAL\SimpleAudioLib</Filter>
    </ClInclude>
    <ClInclude Include="OpenAL\SimpleAudioLib\NoContextException.h">
      <Filter>Header Files\OpenAL\SimpleAudioLib</Filter>
    </ClInclude>
    <ClInclude Include="OpenAL\SimpleAudioLib\NoDeviceException.h">
      <Filter>Header Files\OpenAL\SimpleAudioLib</Filter>
    </ClInclude>
  </ItemGroup>
</Project>