<?xml version="1.0" encoding="utf-8"?>
<Project ToolsVersion="4.0" xmlns="http://schemas.microsoft.com/developer/msbuild/2003">
  <ItemGroup>
    <Filter Include="win32">
      <UniqueIdentifier>{84a8ebd7-7cf0-47f6-b75e-d441df67da40}</UniqueIdentifier>
    </Filter>
    <Filter Include="resource">
      <UniqueIdentifier>{715254bc-d70b-4ec5-bf29-467dd3ace079}</UniqueIdentifier>
    </Filter>
    <Filter Include="src">
      <UniqueIdentifier>{bb6c862e-70e9-49d9-81b7-3829a6f50471}</UniqueIdentifier>
    </Filter>
    <Filter Include="src\easings">
      <UniqueIdentifier>{49dcd259-8e86-49a1-bbfe-6c730f3d87f0}</UniqueIdentifier>
    </Filter>
  </ItemGroup>
  <ItemGroup>
    <ClCompile Include="main.cpp">
      <Filter>win32</Filter>
    </ClCompile>
    <ClCompile Include="..\Classes\ActionButtonsView.cpp">
      <Filter>src</Filter>
    </ClCompile>
    <ClCompile Include="..\Classes\AppDelegate.cpp">
      <Filter>src</Filter>
    </ClCompile>
    <ClCompile Include="..\Classes\AvatarView.cpp">
      <Filter>src</Filter>
    </ClCompile>
    <ClCompile Include="..\Classes\BetStackView.cpp">
      <Filter>src</Filter>
    </ClCompile>
    <ClCompile Include="..\Classes\BoardCardsView.cpp">
      <Filter>src</Filter>
    </ClCompile>
    <ClCompile Include="..\Classes\CardView.cpp">
      <Filter>src</Filter>
    </ClCompile>
    <ClCompile Include="..\Classes\CasinoTableContainerView.cpp">
      <Filter>src</Filter>
    </ClCompile>
    <ClCompile Include="..\Classes\CasinoViewController.cpp">
      <Filter>src</Filter>
    </ClCompile>
    <ClCompile Include="..\Classes\ChatBubbleView.cpp">
      <Filter>src</Filter>
    </ClCompile>
    <ClCompile Include="..\Classes\ChatInputView.cpp">
      <Filter>src</Filter>
    </ClCompile>
    <ClCompile Include="..\Classes\DashboardViewController.cpp">
      <Filter>src</Filter>
    </ClCompile>
    <ClCompile Include="..\Classes\Dispatch.cpp">
      <Filter>src</Filter>
    </ClCompile>
    <ClCompile Include="..\Classes\Downloader.cpp">
      <Filter>src</Filter>
    </ClCompile>
    <ClCompile Include="..\Classes\DragGestureRecognizer.cpp">
      <Filter>src</Filter>
    </ClCompile>
    <ClCompile Include="..\Classes\GameController.cpp">
      <Filter>src</Filter>
    </ClCompile>
    <ClCompile Include="..\Classes\GameModel.cpp">
      <Filter>src</Filter>
    </ClCompile>
    <ClCompile Include="..\Classes\LoginViewController.cpp">
      <Filter>src</Filter>
    </ClCompile>
    <ClCompile Include="..\Classes\NameplateView.cpp">
      <Filter>src</Filter>
    </ClCompile>
    <ClCompile Include="..\Classes\Network.cpp">
      <Filter>src</Filter>
    </ClCompile>
    <ClCompile Include="..\Classes\PanGestureRecognizer.cpp">
      <Filter>src</Filter>
    </ClCompile>
    <ClCompile Include="..\Classes\PlayerWinView.cpp">
      <Filter>src</Filter>
    </ClCompile>
    <ClCompile Include="..\Classes\PokerApi.cpp">
      <Filter>src</Filter>
    </ClCompile>
    <ClCompile Include="..\Classes\PotView.cpp">
      <Filter>src</Filter>
    </ClCompile>
    <ClCompile Include="..\Classes\RaiseSliderView.cpp">
      <Filter>src</Filter>
    </ClCompile>
    <ClCompile Include="..\Classes\Shared.cpp">
      <Filter>src</Filter>
    </ClCompile>
    <ClCompile Include="..\Classes\SocialViewController.cpp">
      <Filter>src</Filter>
    </ClCompile>
    <ClCompile Include="..\Classes\TableActionMenuView.cpp">
      <Filter>src</Filter>
    </ClCompile>
    <ClCompile Include="..\Classes\TableSettingsMenuView.cpp">
      <Filter>src</Filter>
    </ClCompile>
    <ClCompile Include="..\Classes\TableViewController.cpp">
      <Filter>src</Filter>
    </ClCompile>
    <ClCompile Include="..\Classes\CoverflowView.cpp">
      <Filter>src</Filter>
    </ClCompile>
    <ClCompile Include="..\Classes\ServerSelectorViewController.cpp">
      <Filter>src</Filter>
    </ClCompile>
    <ClCompile Include="..\Classes\SizeTo.cpp">
      <Filter>src</Filter>
    </ClCompile>
    <ClCompile Include="..\Classes\TableModel.cpp">
      <Filter>src</Filter>
    </ClCompile>
    <ClCompile Include="..\Classes\easings\Back.cpp">
      <Filter>src\easings</Filter>
    </ClCompile>
    <ClCompile Include="..\Classes\easings\Bounce.cpp">
      <Filter>src\easings</Filter>
    </ClCompile>
    <ClCompile Include="..\Classes\easings\Circ.cpp">
      <Filter>src\easings</Filter>
    </ClCompile>
    <ClCompile Include="..\Classes\easings\Cubic.cpp">
      <Filter>src\easings</Filter>
    </ClCompile>
    <ClCompile Include="..\Classes\easings\Elastic.cpp">
      <Filter>src\easings</Filter>
    </ClCompile>
    <ClCompile Include="..\Classes\easings\Expo.cpp">
      <Filter>src\easings</Filter>
    </ClCompile>
    <ClCompile Include="..\Classes\easings\Linear.cpp">
      <Filter>src\easings</Filter>
    </ClCompile>
    <ClCompile Include="..\Classes\easings\Quad.cpp">
      <Filter>src\easings</Filter>
    </ClCompile>
    <ClCompile Include="..\Classes\easings\Quart.cpp">
      <Filter>src\easings</Filter>
    </ClCompile>
    <ClCompile Include="..\Classes\easings\Quint.cpp">
      <Filter>src\easings</Filter>
    </ClCompile>
    <ClCompile Include="..\Classes\easings\Sine.cpp">
      <Filter>src\easings</Filter>
    </ClCompile>
    <ClCompile Include="..\Classes\AlertView.cpp">
      <Filter>src</Filter>
    </ClCompile>
    <ClCompile Include="..\Classes\BuyInView.cpp">
      <Filter>src</Filter>
    </ClCompile>
    <ClCompile Include="..\Classes\ChatViewController.cpp">
      <Filter>src</Filter>
    </ClCompile>
    <ClCompile Include="..\Classes\ContextMenuView.cpp">
      <Filter>src</Filter>
    </ClCompile>
    <ClCompile Include="..\Classes\FriendsViewController.cpp">
      <Filter>src</Filter>
    </ClCompile>
    <ClCompile Include="..\Classes\LoadingView.cpp">
      <Filter>src</Filter>
    </ClCompile>
    <ClCompile Include="..\Classes\ModalLayer.cpp">
      <Filter>src</Filter>
    </ClCompile>
    <ClCompile Include="..\Classes\PlayerMenuView.cpp">
      <Filter>src</Filter>
    </ClCompile>
    <ClCompile Include="..\Classes\PlayerSearchViewController.cpp">
      <Filter>src</Filter>
    </ClCompile>
    <ClCompile Include="..\Classes\ProfileView.cpp">
      <Filter>src</Filter>
    </ClCompile>
  </ItemGroup>
  <ItemGroup>
    <ClInclude Include="main.h">
      <Filter>win32</Filter>
    </ClInclude>
    <ClInclude Include="..\Classes\ActionButtonsView.h">
      <Filter>src</Filter>
    </ClInclude>
    <ClInclude Include="..\Classes\AppDelegate.h">
      <Filter>src</Filter>
    </ClInclude>
    <ClInclude Include="..\Classes\AvatarView.h">
      <Filter>src</Filter>
    </ClInclude>
    <ClInclude Include="..\Classes\BetStackView.h">
      <Filter>src</Filter>
    </ClInclude>
    <ClInclude Include="..\Classes\BoardCardsView.h">
      <Filter>src</Filter>
    </ClInclude>
    <ClInclude Include="..\Classes\CardView.h">
      <Filter>src</Filter>
    </ClInclude>
    <ClInclude Include="..\Classes\CasinoTableContainerView.h">
      <Filter>src</Filter>
    </ClInclude>
    <ClInclude Include="..\Classes\CasinoViewController.h">
      <Filter>src</Filter>
    </ClInclude>
    <ClInclude Include="..\Classes\ChatBubbleView.h">
      <Filter>src</Filter>
    </ClInclude>
    <ClInclude Include="..\Classes\ChatInputView.h">
      <Filter>src</Filter>
    </ClInclude>
    <ClInclude Include="..\Classes\DashboardViewController.h">
      <Filter>src</Filter>
    </ClInclude>
    <ClInclude Include="..\Classes\Dispatch.h">
      <Filter>src</Filter>
    </ClInclude>
    <ClInclude Include="..\Classes\Downloader.h">
      <Filter>src</Filter>
    </ClInclude>
    <ClInclude Include="..\Classes\DragGestureRecognizer.h">
      <Filter>src</Filter>
    </ClInclude>
    <ClInclude Include="..\Classes\GameController.h">
      <Filter>src</Filter>
    </ClInclude>
    <ClInclude Include="..\Classes\GameModel.h">
      <Filter>src</Filter>
    </ClInclude>
    <ClInclude Include="..\Classes\LoginViewController.h">
      <Filter>src</Filter>
    </ClInclude>
    <ClInclude Include="..\Classes\NameplateView.h">
      <Filter>src</Filter>
    </ClInclude>
    <ClInclude Include="..\Classes\Network.h">
      <Filter>src</Filter>
    </ClInclude>
    <ClInclude Include="..\Classes\PanGestureRecognizer.h">
      <Filter>src</Filter>
    </ClInclude>
    <ClInclude Include="..\Classes\PlayerWinView.h">
      <Filter>src</Filter>
    </ClInclude>
    <ClInclude Include="..\Classes\PokerApi.h">
      <Filter>src</Filter>
    </ClInclude>
    <ClInclude Include="..\Classes\PotView.h">
      <Filter>src</Filter>
    </ClInclude>
    <ClInclude Include="..\Classes\RaiseSliderView.h">
      <Filter>src</Filter>
    </ClInclude>
    <ClInclude Include="..\Classes\Shared.h">
      <Filter>src</Filter>
    </ClInclude>
    <ClInclude Include="..\Classes\SocialViewController.h">
      <Filter>src</Filter>
    </ClInclude>
    <ClInclude Include="..\Classes\TableActionMenuView.h">
      <Filter>src</Filter>
    </ClInclude>
    <ClInclude Include="..\Classes\TableSettingsMenuView.h">
      <Filter>src</Filter>
    </ClInclude>
    <ClInclude Include="..\Classes\TableViewController.h">
      <Filter>src</Filter>
    </ClInclude>
    <ClInclude Include="..\Classes\CoverflowView.h">
      <Filter>src</Filter>
    </ClInclude>
    <ClInclude Include="..\Classes\ServerSelectorViewController.h">
      <Filter>src</Filter>
    </ClInclude>
    <ClInclude Include="..\Classes\SizeTo.h">
      <Filter>src</Filter>
    </ClInclude>
    <ClInclude Include="..\Classes\TableModel.h">
      <Filter>src</Filter>
    </ClInclude>
    <ClInclude Include="..\Classes\easings\Back.h">
      <Filter>src\easings</Filter>
    </ClInclude>
    <ClInclude Include="..\Classes\easings\Bounce.h">
      <Filter>src\easings</Filter>
    </ClInclude>
    <ClInclude Include="..\Classes\easings\Circ.h">
      <Filter>src\easings</Filter>
    </ClInclude>
    <ClInclude Include="..\Classes\easings\Cubic.h">
      <Filter>src\easings</Filter>
    </ClInclude>
    <ClInclude Include="..\Classes\easings\Elastic.h">
      <Filter>src\easings</Filter>
    </ClInclude>
    <ClInclude Include="..\Classes\easings\Expo.h">
      <Filter>src\easings</Filter>
    </ClInclude>
    <ClInclude Include="..\Classes\easings\Linear.h">
      <Filter>src\easings</Filter>
    </ClInclude>
    <ClInclude Include="..\Classes\easings\Quad.h">
      <Filter>src\easings</Filter>
    </ClInclude>
    <ClInclude Include="..\Classes\easings\Quart.h">
      <Filter>src\easings</Filter>
    </ClInclude>
    <ClInclude Include="..\Classes\easings\Quint.h">
      <Filter>src\easings</Filter>
    </ClInclude>
    <ClInclude Include="..\Classes\easings\Sine.h">
      <Filter>src\easings</Filter>
    </ClInclude>
    <ClInclude Include="..\Classes\AlertView.h">
      <Filter>src</Filter>
    </ClInclude>
    <ClInclude Include="..\Classes\BuyInView.h">
      <Filter>src</Filter>
    </ClInclude>
    <ClInclude Include="..\Classes\ChatViewController.h">
      <Filter>src</Filter>
    </ClInclude>
    <ClInclude Include="..\Classes\ContextMenuView.h">
      <Filter>src</Filter>
    </ClInclude>
    <ClInclude Include="..\Classes\FriendModel.h">
      <Filter>src</Filter>
    </ClInclude>
    <ClInclude Include="..\Classes\FriendsViewController.h">
      <Filter>src</Filter>
    </ClInclude>
    <ClInclude Include="..\Classes\LoadingView.h">
      <Filter>src</Filter>
    </ClInclude>
    <ClInclude Include="..\Classes\ModalLayer.h">
      <Filter>src</Filter>
    </ClInclude>
    <ClInclude Include="..\Classes\PlayerMenuView.h">
      <Filter>src</Filter>
    </ClInclude>
    <ClInclude Include="..\Classes\PlayerSearchViewController.h">
      <Filter>src</Filter>
    </ClInclude>
    <ClInclude Include="..\Classes\VectorDataSource.h">
      <Filter>src</Filter>
    </ClInclude>
    <ClInclude Include="..\Classes\ProfileView.h">
      <Filter>src</Filter>
    </ClInclude>
  </ItemGroup>
  <ItemGroup>
    <ResourceCompile Include="game.rc">
      <Filter>resource</Filter>
    </ResourceCompile>
  </ItemGroup>
</Project>