
Microsoft Visual Studio Solution File, Format Version 10.00
# Visual Studio 2008
Project("{8BC9CEB8-8B4A-11D0-8D11-00A0C91BC942}") = "WorldController", "WorldController\WorldController.vcproj", "{C6EB65D6-8013-4958-96CD-85D38DA5C5B5}"
EndProject
Global
	GlobalSection(SolutionConfigurationPlatforms) = preSolution
		Debug|Win32 = Debug|Win32
		Release|Win32 = Release|Win32
	EndGlobalSection
	GlobalSection(ProjectConfigurationPlatforms) = postSolution
		{C6EB65D6-8013-4958-96CD-85D38DA5C5B5}.Debug|Win32.ActiveCfg = Debug|Win32
		{C6EB65D6-8013-4958-96CD-85D38DA5C5B5}.Debug|Win32.Build.0 = Debug|Win32
		{C6EB65D6-8013-4958-96CD-85D38DA5C5B5}.Release|Win32.ActiveCfg = Release|Win32
		{C6EB65D6-8013-4958-96CD-85D38DA5C5B5}.Release|Win32.Build.0 = Release|Win32
	EndGlobalSection
	GlobalSection(SolutionProperties) = preSolution
		HideSolutionNode = FALSE
	EndGlobalSection
EndGlobal
