
Microsoft Visual Studio Solution File, Format Version 9.00
# Visual Studio 2005
Project("{8BC9CEB8-8B4A-11D0-8D11-00A0C91BC942}") = "GLUT_Test", "GLUT_Test.vcproj", "{024094FA-7ECA-4011-94A4-6992EFED87D3}"
EndProject
Global
	GlobalSection(SolutionConfigurationPlatforms) = preSolution
		Debug|Win32 = Debug|Win32
		Release|Win32 = Release|Win32
	EndGlobalSection
	GlobalSection(ProjectConfigurationPlatforms) = postSolution
		{024094FA-7ECA-4011-94A4-6992EFED87D3}.Debug|Win32.ActiveCfg = Debug|Win32
		{024094FA-7ECA-4011-94A4-6992EFED87D3}.Debug|Win32.Build.0 = Debug|Win32
		{024094FA-7ECA-4011-94A4-6992EFED87D3}.Release|Win32.ActiveCfg = Release|Win32
		{024094FA-7ECA-4011-94A4-6992EFED87D3}.Release|Win32.Build.0 = Release|Win32
	EndGlobalSection
	GlobalSection(SolutionProperties) = preSolution
		HideSolutionNode = FALSE
	EndGlobalSection
EndGlobal
